
Microsoft Visual Studio Solution File, Format Version 12.00
# Visual Studio Version 17
VisualStudioVersion = 17.7.34003.232
MinimumVisualStudioVersion = 10.0.40219.1
Project("{9092AA53-FB77-4645-B42D-1CCCA6BD08BD}") = "NodejsConsoleApp1", "NodejsConsoleApp1\NodejsConsoleApp1.njsproj", "{C1AA5A3B-34B5-4A3B-ACBA-E3725D1A5003}"
EndProject
Global
	GlobalSection(SolutionConfigurationPlatforms) = preSolution
		Debug|Any CPU = Debug|Any CPU
		Release|Any CPU = Release|Any CPU
	EndGlobalSection
	GlobalSection(ProjectConfigurationPlatforms) = postSolution
		{C1AA5A3B-34B5-4A3B-ACBA-E3725D1A5003}.Debug|Any CPU.ActiveCfg = Debug|Any CPU
		{C1AA5A3B-34B5-4A3B-ACBA-E3725D1A5003}.Debug|Any CPU.Build.0 = Debug|Any CPU
		{C1AA5A3B-34B5-4A3B-ACBA-E3725D1A5003}.Release|Any CPU.ActiveCfg = Release|Any CPU
		{C1AA5A3B-34B5-4A3B-ACBA-E3725D1A5003}.Release|Any CPU.Build.0 = Release|Any CPU
	EndGlobalSection
	GlobalSection(SolutionProperties) = preSolution
		HideSolutionNode = FALSE
	EndGlobalSection
	GlobalSection(ExtensibilityGlobals) = postSolution
		SolutionGuid = {3C239A24-AF7A-47BD-BDD0-365CF78BEBF1}
	EndGlobalSection
EndGlobal
